PODS:
  - Alamofire (5.2.2)
  - camera (0.0.1):
    - Flutter
  - Flutter (1.0.0)
  - flutter_ffmpeg/https-lts (0.2.10):
    - Flutter
    - mobile-ffmpeg-https (= 4.3.1.LTS)
  - flutter_inappwebview (0.0.1):
    - Flutter
  - flutter_secure_storage (3.3.1):
    - Flutter
  - flutter_uploader (1.2.0):
    - Alamofire (= 5.2.2)
    - Flutter
  - gallery_saver (0.0.1):
    - Flutter
  - geocoding (1.0.5):
    - Flutter
  - geolocator (6.2.0):
    - Flutter
  - image_picker (0.0.1):
    - Flutter
  - mobile-ffmpeg-https (4.3.1.LTS)
  - package_info (0.0.1):
    - Flutter
  - path_provider (0.0.1):
    - Flutter
  - "permission_handler (5.1.0+2)":
    - Flutter
  - photo_manager (0.0.1):
    - Flutter
  - receive_sharing_intent (0.0.1):
    - Flutter
  - url_launcher (0.0.1):
    - Flutter
  - video_player (0.0.1):
    - Flutter
  - wakelock (0.0.1):
    - Flutter

DEPENDENCIES:
  - camera (from `.symlinks/plugins/camera/ios`)
  - Flutter (from `Flutter`)
  - flutter_ffmpeg/https-lts (from `.symlinks/plugins/flutter_ffmpeg/ios`)
  - flutter_inappwebview (from `.symlinks/plugins/flutter_inappwebview/ios`)
  - flutter_secure_storage (from `.symlinks/plugins/flutter_secure_storage/ios`)
  - flutter_uploader (from `.symlinks/plugins/flutter_uploader/ios`)
  - gallery_saver (from `.symlinks/plugins/gallery_saver/ios`)
  - geocoding (from `.symlinks/plugins/geocoding/ios`)
  - geolocator (from `.symlinks/plugins/geolocator/ios`)
  - image_picker (from `.symlinks/plugins/image_picker/ios`)
  - package_info (from `.symlinks/plugins/package_info/ios`)
  - path_provider (from `.symlinks/plugins/path_provider/ios`)
  - permission_handler (from `.symlinks/plugins/permission_handler/ios`)
  - photo_manager (from `.symlinks/plugins/photo_manager/ios`)
  - receive_sharing_intent (from `.symlinks/plugins/receive_sharing_intent/ios`)
  - url_launcher (from `.symlinks/plugins/url_launcher/ios`)
  - video_player (from `.symlinks/plugins/video_player/ios`)
  - wakelock (from `.symlinks/plugins/wakelock/ios`)

SPEC REPOS:
  trunk:
    - Alamofire
    - mobile-ffmpeg-https

EXTERNAL SOURCES:
  camera:
    :path: ".symlinks/plugins/camera/ios"
  Flutter:
    :path: Flutter
  flutter_ffmpeg:
    :path: ".symlinks/plugins/flutter_ffmpeg/ios"
  flutter_inappwebview:
    :path: ".symlinks/plugins/flutter_inappwebview/ios"
  flutter_secure_storage:
    :path: ".symlinks/plugins/flutter_secure_storage/ios"
  flutter_uploader:
    :path: ".symlinks/plugins/flutter_uploader/ios"
  gallery_saver:
    :path: ".symlinks/plugins/gallery_saver/ios"
  geocoding:
    :path: ".symlinks/plugins/geocoding/ios"
  geolocator:
    :path: ".symlinks/plugins/geolocator/ios"
  image_picker:
    :path: ".symlinks/plugins/image_picker/ios"
  package_info:
    :path: ".symlinks/plugins/package_info/ios"
  path_provider:
    :path: ".symlinks/plugins/path_provider/ios"
  permission_handler:
    :path: ".symlinks/plugins/permission_handler/ios"
  photo_manager:
    :path: ".symlinks/plugins/photo_manager/ios"
  receive_sharing_intent:
    :path: ".symlinks/plugins/receive_sharing_intent/ios"
  url_launcher:
    :path: ".symlinks/plugins/url_launcher/ios"
  video_player:
    :path: ".symlinks/plugins/video_player/ios"
  wakelock:
    :path: ".symlinks/plugins/wakelock/ios"

SPEC CHECKSUMS:
  Alamofire: 814429acc853c6c54ff123fc3d2ef66803823ce0
  camera: a0ca5080336f7af47b88436e5e26da3dee5568f0
  Flutter: 434fef37c0980e73bb6479ef766c45957d4b510c
  flutter_ffmpeg: cf0a6941ef67e88248c998cc3e34f8acb0b4e454
  flutter_inappwebview: 69dfbac46157b336ffbec19ca6dfd4638c7bf189
  flutter_secure_storage: 7953c38a04c3fdbb00571bcd87d8e3b5ceb9daec
  flutter_uploader: 2b07c4d41cf1218f25e6d5b8bcfa2d913838e27c
  gallery_saver: 9fc173c9f4fcc48af53b2a9ebea1b643255be542
  geocoding: 32cfcdb16d38d907caaba65e2e42ad10d38bee58
  geolocator: f5e3de65e241caba7ce3e8a618803387bda73384
  image_picker: 9c3312491f862b28d21ecd8fdf0ee14e601b3f09
  mobile-ffmpeg-https: aebe327c4cdacde636defa4118465413f099667d
  package_info: 873975fc26034f0b863a300ad47e7f1ac6c7ec62
  path_provider: abfe2b5c733d04e238b0d8691db0cfd63a27a93c
  permission_handler: ccb20a9fad0ee9b1314a52b70b76b473c5f8dab0
  photo_manager: f7c619c2cc8c2adb8d85c63363babac477de9c67
  receive_sharing_intent: c0d87310754e74c0f9542947e7cbdf3a0335a3b1
  url_launcher: 6fef411d543ceb26efce54b05a0a40bfd74cbbef
  video_player: 9cc823b1d9da7e8427ee591e8438bfbcde500e6e
  wakelock: d0fc7c864128eac40eba1617cb5264d9c940b46f

PODFILE CHECKSUM: 0a65be79d19d6c921541326a53fdc60da64c623f

COCOAPODS: 1.10.1
